
Microsoft Visual Studio Solution File, Format Version 12.00
# Visual Studio Version 16
VisualStudioVersion = 25.0.1706.4
MinimumVisualStudioVersion = 10.0.40219.1
Project("{FAE04EC0-301F-11D3-BF4B-00C04F79EFBC}") = "VectorFlight", "VectorFlight\VectorFlight.csproj", "{831E8C55-054A-4445-BA21-5EAA5EFB5667}"
EndProject
Global
	GlobalSection(SolutionConfigurationPlatforms) = preSolution
		Debug|Any CPU = Debug|Any CPU
		Release|Any CPU = Release|Any CPU
	EndGlobalSection
	GlobalSection(ProjectConfigurationPlatforms) = postSolution
		{831E8C55-054A-4445-BA21-5EAA5EFB5667}.Debug|Any CPU.ActiveCfg = Debug|Any CPU
		{831E8C55-054A-4445-BA21-5EAA5EFB5667}.Debug|Any CPU.Build.0 = Debug|Any CPU
		{831E8C55-054A-4445-BA21-5EAA5EFB5667}.Release|Any CPU.ActiveCfg = Release|Any CPU
		{831E8C55-054A-4445-BA21-5EAA5EFB5667}.Release|Any CPU.Build.0 = Release|Any CPU
	EndGlobalSection
	GlobalSection(SolutionProperties) = preSolution
		HideSolutionNode = FALSE
	EndGlobalSection
	GlobalSection(ExtensibilityGlobals) = postSolution
		SolutionGuid = {3C64CE06-68A7-4BCC-B6EA-4AE57C1BF4E0}
	EndGlobalSection
EndGlobal
